
Microsoft Visual Studio Solution File, Format Version 12.00
# Visual Studio Version 17
VisualStudioVersion = 17.3.32929.385
MinimumVisualStudioVersion = 10.0.40219.1
Project("{FAE04EC0-301F-11D3-BF4B-00C04F79EFBC}") = "Truck Stock", "Truck Stock.csproj", "{062CA30C-C860-46F2-B2D1-C5F182798E2B}"
EndProject
Global
	GlobalSection(SolutionConfigurationPlatforms) = preSolution
		Debug|Any CPU = Debug|Any CPU
		Release|Any CPU = Release|Any CPU
	EndGlobalSection
	GlobalSection(ProjectConfigurationPlatforms) = postSolution
		{062CA30C-C860-46F2-B2D1-C5F182798E2B}.Debug|Any CPU.ActiveCfg = Debug|Any CPU
		{062CA30C-C860-46F2-B2D1-C5F182798E2B}.Debug|Any CPU.Build.0 = Debug|Any CPU
		{062CA30C-C860-46F2-B2D1-C5F182798E2B}.Release|Any CPU.ActiveCfg = Release|Any CPU
		{062CA30C-C860-46F2-B2D1-C5F182798E2B}.Release|Any CPU.Build.0 = Release|Any CPU
	EndGlobalSection
	GlobalSection(SolutionProperties) = preSolution
		HideSolutionNode = FALSE
	EndGlobalSection
	GlobalSection(ExtensibilityGlobals) = postSolution
		SolutionGuid = {CAC2CAC4-393F-44E1-8581-1731D0675D7B}
	EndGlobalSection
EndGlobal
